
Microsoft Visual Studio Solution File, Format Version 12.00
# Visual Studio Version 17
VisualStudioVersion = 17.9.34714.143
MinimumVisualStudioVersion = 10.0.40219.1
Project("{FAE04EC0-301F-11D3-BF4B-00C04F79EFBC}") = "Redysim_trial", "Redysim_trial\Redysim_trial.csproj", "{EDA40735-3906-429B-925E-42CB18E79E8D}"
EndProject
Global
	GlobalSection(SolutionConfigurationPlatforms) = preSolution
		Debug|Any CPU = Debug|Any CPU
		Release|Any CPU = Release|Any CPU
	EndGlobalSection
	GlobalSection(ProjectConfigurationPlatforms) = postSolution
		{EDA40735-3906-429B-925E-42CB18E79E8D}.Debug|Any CPU.ActiveCfg = Debug|Any CPU
		{EDA40735-3906-429B-925E-42CB18E79E8D}.Debug|Any CPU.Build.0 = Debug|Any CPU
		{EDA40735-3906-429B-925E-42CB18E79E8D}.Release|Any CPU.ActiveCfg = Release|Any CPU
		{EDA40735-3906-429B-925E-42CB18E79E8D}.Release|Any CPU.Build.0 = Release|Any CPU
	EndGlobalSection
	GlobalSection(SolutionProperties) = preSolution
		HideSolutionNode = FALSE
	EndGlobalSection
	GlobalSection(ExtensibilityGlobals) = postSolution
		SolutionGuid = {4E88E91D-346C-4B5B-94F8-38673415C57C}
	EndGlobalSection
EndGlobal
